
Microsoft Visual Studio Solution File, Format Version 12.00
# Visual Studio Version 17
VisualStudioVersion = 17.0.31903.59
MinimumVisualStudioVersion = 10.0.40219.1
Project("{2150E333-8FDC-42A3-9474-1A3956D46DE8}") = "6.0", "6.0", "{F05907C8-E917-4DA6-8BBB-D70E28FA8972}"
EndProject
Project("{FAE04EC0-301F-11D3-BF4B-00C04F79EFBC}") = "UsingStatic", "src\6.0\UsingStatic\UsingStatic.csproj", "{CBF0F768-4409-4E69-8DB7-603AB94189CD}"
EndProject
Project("{FAE04EC0-301F-11D3-BF4B-00C04F79EFBC}") = "NameofExpressions", "src\6.0\NameofExpressions\NameofExpressions.csproj", "{7F7BF519-189E-43A6-80F9-E671F4511F80}"
EndProject
Project("{FAE04EC0-301F-11D3-BF4B-00C04F79EFBC}") = "NullOperator", "src\6.0\NullOperator\NullOperator.csproj", "{145970F2-65D9-49CD-89AC-AA1AC4E2F105}"
EndProject
Project("{FAE04EC0-301F-11D3-BF4B-00C04F79EFBC}") = "StringInterpolation", "src\6.0\StringInterpolation\StringInterpolation.csproj", "{480D09C4-A1E6-4E22-9644-D09B7B43BF08}"
EndProject
Project("{FAE04EC0-301F-11D3-BF4B-00C04F79EFBC}") = "PropertyIndexInitializers", "src\6.0\PropertyIndexInitializers\PropertyIndexInitializers.csproj", "{1631E0FD-F31E-44BD-8027-BFF9FB11B765}"
EndProject
Project("{FAE04EC0-301F-11D3-BF4B-00C04F79EFBC}") = "ExceptionFilters", "src\6.0\ExceptionFilters\ExceptionFilters.csproj", "{0B2D9F5C-AC5F-411A-8D34-107D98625429}"
EndProject
Project("{2150E333-8FDC-42A3-9474-1A3956D46DE8}") = "7.0", "7.0", "{73910F68-73D4-44C8-93B7-6A36B5708C2B}"
EndProject
Project("{FAE04EC0-301F-11D3-BF4B-00C04F79EFBC}") = "OutVariables", "src\7.0\OutVariables\OutVariables.csproj", "{42DD8CDA-3F11-469C-AE3C-FA1BE1231B06}"
EndProject
Project("{FAE04EC0-301F-11D3-BF4B-00C04F79EFBC}") = "PatternMatching", "src\7.0\PatternMatching\PatternMatching.csproj", "{BA958038-8004-4AD2-8D1C-ADE531703FCF}"
EndProject
Project("{FAE04EC0-301F-11D3-BF4B-00C04F79EFBC}") = "TuplesNew", "src\7.0\TuplesNew\TuplesNew.csproj", "{3486BA81-B3A8-4921-9F82-BF78C4E57E6C}"
EndProject
Project("{FAE04EC0-301F-11D3-BF4B-00C04F79EFBC}") = "Deconstruction", "src\7.0\Deconstruction\Deconstruction.csproj", "{49932E83-8A15-4DC4-B87D-67DBFF87ABA5}"
EndProject
Project("{FAE04EC0-301F-11D3-BF4B-00C04F79EFBC}") = "LocalFunctions", "src\7.0\LocalFunctions\LocalFunctions.csproj", "{04C92356-B81D-4BF9-806E-524231CDCDBF}"
EndProject
Project("{FAE04EC0-301F-11D3-BF4B-00C04F79EFBC}") = "LiteralImprovements", "src\7.0\LiteralImprovements\LiteralImprovements.csproj", "{C7B58988-A4A7-40AD-8E3B-C4AD1AB8F343}"
EndProject
Project("{FAE04EC0-301F-11D3-BF4B-00C04F79EFBC}") = "RefReturnsAndLocals", "src\7.0\RefReturnsAndLocals\RefReturnsAndLocals.csproj", "{0010CF2D-1E7D-4553-8C1A-35D29B9EC585}"
EndProject
Project("{FAE04EC0-301F-11D3-BF4B-00C04F79EFBC}") = "ThrowExpressions", "src\7.0\ThrowExpressions\ThrowExpressions.csproj", "{9E0D8E08-E418-475F-8B0B-671D901AA8A8}"
EndProject
Project("{FAE04EC0-301F-11D3-BF4B-00C04F79EFBC}") = "AsyncMain", "src\7.0\AsyncMain\AsyncMain.csproj", "{E0B194E8-1603-46CF-929B-FA0C2A6ABE9E}"
EndProject
Project("{FAE04EC0-301F-11D3-BF4B-00C04F79EFBC}") = "DefaultLiteral", "src\7.0\DefaultLiteral\DefaultLiteral.csproj", "{B312F4B1-696F-4EBF-ACDC-F29AA398D3BE}"
EndProject
Global
	GlobalSection(SolutionConfigurationPlatforms) = preSolution
		Debug|Any CPU = Debug|Any CPU
		Release|Any CPU = Release|Any CPU
	EndGlobalSection
	GlobalSection(SolutionProperties) = preSolution
		HideSolutionNode = FALSE
	EndGlobalSection
	GlobalSection(NestedProjects) = preSolution
		{CBF0F768-4409-4E69-8DB7-603AB94189CD} = {F05907C8-E917-4DA6-8BBB-D70E28FA8972}
		{7F7BF519-189E-43A6-80F9-E671F4511F80} = {F05907C8-E917-4DA6-8BBB-D70E28FA8972}
		{145970F2-65D9-49CD-89AC-AA1AC4E2F105} = {F05907C8-E917-4DA6-8BBB-D70E28FA8972}
		{480D09C4-A1E6-4E22-9644-D09B7B43BF08} = {F05907C8-E917-4DA6-8BBB-D70E28FA8972}
		{1631E0FD-F31E-44BD-8027-BFF9FB11B765} = {F05907C8-E917-4DA6-8BBB-D70E28FA8972}
		{0B2D9F5C-AC5F-411A-8D34-107D98625429} = {F05907C8-E917-4DA6-8BBB-D70E28FA8972}
		{42DD8CDA-3F11-469C-AE3C-FA1BE1231B06} = {73910F68-73D4-44C8-93B7-6A36B5708C2B}
		{BA958038-8004-4AD2-8D1C-ADE531703FCF} = {73910F68-73D4-44C8-93B7-6A36B5708C2B}
		{3486BA81-B3A8-4921-9F82-BF78C4E57E6C} = {73910F68-73D4-44C8-93B7-6A36B5708C2B}
		{49932E83-8A15-4DC4-B87D-67DBFF87ABA5} = {73910F68-73D4-44C8-93B7-6A36B5708C2B}
		{04C92356-B81D-4BF9-806E-524231CDCDBF} = {73910F68-73D4-44C8-93B7-6A36B5708C2B}
		{C7B58988-A4A7-40AD-8E3B-C4AD1AB8F343} = {73910F68-73D4-44C8-93B7-6A36B5708C2B}
		{0010CF2D-1E7D-4553-8C1A-35D29B9EC585} = {73910F68-73D4-44C8-93B7-6A36B5708C2B}
		{9E0D8E08-E418-475F-8B0B-671D901AA8A8} = {73910F68-73D4-44C8-93B7-6A36B5708C2B}
		{E0B194E8-1603-46CF-929B-FA0C2A6ABE9E} = {73910F68-73D4-44C8-93B7-6A36B5708C2B}
		{B312F4B1-696F-4EBF-ACDC-F29AA398D3BE} = {73910F68-73D4-44C8-93B7-6A36B5708C2B}
	EndGlobalSection
	GlobalSection(ProjectConfigurationPlatforms) = postSolution
		{CBF0F768-4409-4E69-8DB7-603AB94189CD}.Debug|Any CPU.ActiveCfg = Debug|Any CPU
		{CBF0F768-4409-4E69-8DB7-603AB94189CD}.Debug|Any CPU.Build.0 = Debug|Any CPU
		{CBF0F768-4409-4E69-8DB7-603AB94189CD}.Release|Any CPU.ActiveCfg = Release|Any CPU
		{CBF0F768-4409-4E69-8DB7-603AB94189CD}.Release|Any CPU.Build.0 = Release|Any CPU
		{7F7BF519-189E-43A6-80F9-E671F4511F80}.Debug|Any CPU.ActiveCfg = Debug|Any CPU
		{7F7BF519-189E-43A6-80F9-E671F4511F80}.Debug|Any CPU.Build.0 = Debug|Any CPU
		{7F7BF519-189E-43A6-80F9-E671F4511F80}.Release|Any CPU.ActiveCfg = Release|Any CPU
		{7F7BF519-189E-43A6-80F9-E671F4511F80}.Release|Any CPU.Build.0 = Release|Any CPU
		{145970F2-65D9-49CD-89AC-AA1AC4E2F105}.Release|Any CPU.ActiveCfg = Release|Any CPU
		{145970F2-65D9-49CD-89AC-AA1AC4E2F105}.Release|Any CPU.Build.0 = Release|Any CPU
		{145970F2-65D9-49CD-89AC-AA1AC4E2F105}.Debug|Any CPU.ActiveCfg = Debug|Any CPU
		{145970F2-65D9-49CD-89AC-AA1AC4E2F105}.Debug|Any CPU.Build.0 = Debug|Any CPU
		{480D09C4-A1E6-4E22-9644-D09B7B43BF08}.Release|Any CPU.ActiveCfg = Release|Any CPU
		{480D09C4-A1E6-4E22-9644-D09B7B43BF08}.Release|Any CPU.Build.0 = Release|Any CPU
		{480D09C4-A1E6-4E22-9644-D09B7B43BF08}.Debug|Any CPU.ActiveCfg = Debug|Any CPU
		{480D09C4-A1E6-4E22-9644-D09B7B43BF08}.Debug|Any CPU.Build.0 = Debug|Any CPU
		{1631E0FD-F31E-44BD-8027-BFF9FB11B765}.Debug|Any CPU.ActiveCfg = Debug|Any CPU
		{1631E0FD-F31E-44BD-8027-BFF9FB11B765}.Debug|Any CPU.Build.0 = Debug|Any CPU
		{1631E0FD-F31E-44BD-8027-BFF9FB11B765}.Release|Any CPU.ActiveCfg = Release|Any CPU
		{1631E0FD-F31E-44BD-8027-BFF9FB11B765}.Release|Any CPU.Build.0 = Release|Any CPU
		{0B2D9F5C-AC5F-411A-8D34-107D98625429}.Debug|Any CPU.ActiveCfg = Debug|Any CPU
		{0B2D9F5C-AC5F-411A-8D34-107D98625429}.Debug|Any CPU.Build.0 = Debug|Any CPU
		{0B2D9F5C-AC5F-411A-8D34-107D98625429}.Release|Any CPU.ActiveCfg = Release|Any CPU
		{0B2D9F5C-AC5F-411A-8D34-107D98625429}.Release|Any CPU.Build.0 = Release|Any CPU
		{42DD8CDA-3F11-469C-AE3C-FA1BE1231B06}.Debug|Any CPU.ActiveCfg = Debug|Any CPU
		{42DD8CDA-3F11-469C-AE3C-FA1BE1231B06}.Debug|Any CPU.Build.0 = Debug|Any CPU
		{42DD8CDA-3F11-469C-AE3C-FA1BE1231B06}.Release|Any CPU.ActiveCfg = Release|Any CPU
		{42DD8CDA-3F11-469C-AE3C-FA1BE1231B06}.Release|Any CPU.Build.0 = Release|Any CPU
		{BA958038-8004-4AD2-8D1C-ADE531703FCF}.Debug|Any CPU.ActiveCfg = Debug|Any CPU
		{BA958038-8004-4AD2-8D1C-ADE531703FCF}.Debug|Any CPU.Build.0 = Debug|Any CPU
		{BA958038-8004-4AD2-8D1C-ADE531703FCF}.Release|Any CPU.ActiveCfg = Release|Any CPU
		{BA958038-8004-4AD2-8D1C-ADE531703FCF}.Release|Any CPU.Build.0 = Release|Any CPU
		{3486BA81-B3A8-4921-9F82-BF78C4E57E6C}.Debug|Any CPU.ActiveCfg = Debug|Any CPU
		{3486BA81-B3A8-4921-9F82-BF78C4E57E6C}.Debug|Any CPU.Build.0 = Debug|Any CPU
		{3486BA81-B3A8-4921-9F82-BF78C4E57E6C}.Release|Any CPU.ActiveCfg = Release|Any CPU
		{3486BA81-B3A8-4921-9F82-BF78C4E57E6C}.Release|Any CPU.Build.0 = Release|Any CPU
		{49932E83-8A15-4DC4-B87D-67DBFF87ABA5}.Debug|Any CPU.ActiveCfg = Debug|Any CPU
		{49932E83-8A15-4DC4-B87D-67DBFF87ABA5}.Debug|Any CPU.Build.0 = Debug|Any CPU
		{49932E83-8A15-4DC4-B87D-67DBFF87ABA5}.Release|Any CPU.ActiveCfg = Release|Any CPU
		{49932E83-8A15-4DC4-B87D-67DBFF87ABA5}.Release|Any CPU.Build.0 = Release|Any CPU
		{04C92356-B81D-4BF9-806E-524231CDCDBF}.Debug|Any CPU.ActiveCfg = Debug|Any CPU
		{04C92356-B81D-4BF9-806E-524231CDCDBF}.Debug|Any CPU.Build.0 = Debug|Any CPU
		{04C92356-B81D-4BF9-806E-524231CDCDBF}.Release|Any CPU.ActiveCfg = Release|Any CPU
		{04C92356-B81D-4BF9-806E-524231CDCDBF}.Release|Any CPU.Build.0 = Release|Any CPU
		{C7B58988-A4A7-40AD-8E3B-C4AD1AB8F343}.Debug|Any CPU.ActiveCfg = Debug|Any CPU
		{C7B58988-A4A7-40AD-8E3B-C4AD1AB8F343}.Debug|Any CPU.Build.0 = Debug|Any CPU
		{C7B58988-A4A7-40AD-8E3B-C4AD1AB8F343}.Release|Any CPU.ActiveCfg = Release|Any CPU
		{C7B58988-A4A7-40AD-8E3B-C4AD1AB8F343}.Release|Any CPU.Build.0 = Release|Any CPU
		{0010CF2D-1E7D-4553-8C1A-35D29B9EC585}.Debug|Any CPU.ActiveCfg = Debug|Any CPU
		{0010CF2D-1E7D-4553-8C1A-35D29B9EC585}.Debug|Any CPU.Build.0 = Debug|Any CPU
		{0010CF2D-1E7D-4553-8C1A-35D29B9EC585}.Release|Any CPU.ActiveCfg = Release|Any CPU
		{0010CF2D-1E7D-4553-8C1A-35D29B9EC585}.Release|Any CPU.Build.0 = Release|Any CPU
		{9E0D8E08-E418-475F-8B0B-671D901AA8A8}.Debug|Any CPU.ActiveCfg = Debug|Any CPU
		{9E0D8E08-E418-475F-8B0B-671D901AA8A8}.Debug|Any CPU.Build.0 = Debug|Any CPU
		{9E0D8E08-E418-475F-8B0B-671D901AA8A8}.Release|Any CPU.ActiveCfg = Release|Any CPU
		{9E0D8E08-E418-475F-8B0B-671D901AA8A8}.Release|Any CPU.Build.0 = Release|Any CPU
		{E0B194E8-1603-46CF-929B-FA0C2A6ABE9E}.Debug|Any CPU.ActiveCfg = Debug|Any CPU
		{E0B194E8-1603-46CF-929B-FA0C2A6ABE9E}.Debug|Any CPU.Build.0 = Debug|Any CPU
		{E0B194E8-1603-46CF-929B-FA0C2A6ABE9E}.Release|Any CPU.ActiveCfg = Release|Any CPU
		{E0B194E8-1603-46CF-929B-FA0C2A6ABE9E}.Release|Any CPU.Build.0 = Release|Any CPU
		{B312F4B1-696F-4EBF-ACDC-F29AA398D3BE}.Debug|Any CPU.ActiveCfg = Debug|Any CPU
		{B312F4B1-696F-4EBF-ACDC-F29AA398D3BE}.Debug|Any CPU.Build.0 = Debug|Any CPU
		{B312F4B1-696F-4EBF-ACDC-F29AA398D3BE}.Release|Any CPU.ActiveCfg = Release|Any CPU
		{B312F4B1-696F-4EBF-ACDC-F29AA398D3BE}.Release|Any CPU.Build.0 = Release|Any CPU
	EndGlobalSection
EndGlobal
