
Microsoft Visual Studio Solution File, Format Version 12.00
# Visual Studio Version 17
VisualStudioVersion = 17.0.31903.59
MinimumVisualStudioVersion = 10.0.40219.1
Project("{2150E333-8FDC-42A3-9474-1A3956D46DE8}") = "6.0", "6.0", "{F05907C8-E917-4DA6-8BBB-D70E28FA8972}"
EndProject
Project("{FAE04EC0-301F-11D3-BF4B-00C04F79EFBC}") = "UsingStatic", "src\6.0\UsingStatic\UsingStatic.csproj", "{CBF0F768-4409-4E69-8DB7-603AB94189CD}"
EndProject
Project("{FAE04EC0-301F-11D3-BF4B-00C04F79EFBC}") = "NameofExpressions", "src\6.0\NameofExpressions\NameofExpressions.csproj", "{7F7BF519-189E-43A6-80F9-E671F4511F80}"
EndProject
Project("{FAE04EC0-301F-11D3-BF4B-00C04F79EFBC}") = "NullOperator", "src\6.0\NullOperator\NullOperator.csproj", "{145970F2-65D9-49CD-89AC-AA1AC4E2F105}"
EndProject
Project("{FAE04EC0-301F-11D3-BF4B-00C04F79EFBC}") = "StringInterpolation", "src\6.0\StringInterpolation\StringInterpolation.csproj", "{480D09C4-A1E6-4E22-9644-D09B7B43BF08}"
EndProject
Project("{FAE04EC0-301F-11D3-BF4B-00C04F79EFBC}") = "PropertyIndexInitializers", "src\6.0\PropertyIndexInitializers\PropertyIndexInitializers.csproj", "{1631E0FD-F31E-44BD-8027-BFF9FB11B765}"
EndProject
Project("{FAE04EC0-301F-11D3-BF4B-00C04F79EFBC}") = "ExceptionFilters", "src\6.0\ExceptionFilters\ExceptionFilters.csproj", "{0B2D9F5C-AC5F-411A-8D34-107D98625429}"
EndProject
Project("{2150E333-8FDC-42A3-9474-1A3956D46DE8}") = "7.0", "7.0", "{73910F68-73D4-44C8-93B7-6A36B5708C2B}"
EndProject
Project("{FAE04EC0-301F-11D3-BF4B-00C04F79EFBC}") = "OutVariables", "src\7.0\OutVariables\OutVariables.csproj", "{42DD8CDA-3F11-469C-AE3C-FA1BE1231B06}"
EndProject
Project("{FAE04EC0-301F-11D3-BF4B-00C04F79EFBC}") = "PatternMatching", "src\7.0\PatternMatching\PatternMatching.csproj", "{BA958038-8004-4AD2-8D1C-ADE531703FCF}"
EndProject
Project("{FAE04EC0-301F-11D3-BF4B-00C04F79EFBC}") = "TuplesNew", "src\7.0\TuplesNew\TuplesNew.csproj", "{3486BA81-B3A8-4921-9F82-BF78C4E57E6C}"
EndProject
Project("{FAE04EC0-301F-11D3-BF4B-00C04F79EFBC}") = "Deconstruction", "src\7.0\Deconstruction\Deconstruction.csproj", "{49932E83-8A15-4DC4-B87D-67DBFF87ABA5}"
EndProject
Project("{FAE04EC0-301F-11D3-BF4B-00C04F79EFBC}") = "LocalFunctions", "src\7.0\LocalFunctions\LocalFunctions.csproj", "{04C92356-B81D-4BF9-806E-524231CDCDBF}"
EndProject
Project("{FAE04EC0-301F-11D3-BF4B-00C04F79EFBC}") = "LiteralImprovements", "src\7.0\LiteralImprovements\LiteralImprovements.csproj", "{C7B58988-A4A7-40AD-8E3B-C4AD1AB8F343}"
EndProject
Project("{FAE04EC0-301F-11D3-BF4B-00C04F79EFBC}") = "RefReturnsAndLocals", "src\7.0\RefReturnsAndLocals\RefReturnsAndLocals.csproj", "{0010CF2D-1E7D-4553-8C1A-35D29B9EC585}"
EndProject
Project("{FAE04EC0-301F-11D3-BF4B-00C04F79EFBC}") = "ThrowExpressions", "src\7.0\ThrowExpressions\ThrowExpressions.csproj", "{9E0D8E08-E418-475F-8B0B-671D901AA8A8}"
EndProject
Project("{FAE04EC0-301F-11D3-BF4B-00C04F79EFBC}") = "AsyncMain", "src\7.0\AsyncMain\AsyncMain.csproj", "{E0B194E8-1603-46CF-929B-FA0C2A6ABE9E}"
EndProject
Project("{FAE04EC0-301F-11D3-BF4B-00C04F79EFBC}") = "DefaultLiteral", "src\7.0\DefaultLiteral\DefaultLiteral.csproj", "{B312F4B1-696F-4EBF-ACDC-F29AA398D3BE}"
EndProject
Project("{2150E333-8FDC-42A3-9474-1A3956D46DE8}") = "8.0", "8.0", "{66392C49-D52A-41D9-966D-AF5F10D46F65}"
EndProject
Project("{FAE04EC0-301F-11D3-BF4B-00C04F79EFBC}") = "StructReadonlyMembers", "src\8.0\StructReadonlyMembers\StructReadonlyMembers.csproj", "{A042BB46-33C1-4961-881A-BDC7FA7D8667}"
EndProject
Project("{FAE04EC0-301F-11D3-BF4B-00C04F79EFBC}") = "DefaultInterfaceMethods", "src\8.0\DefaultInterfaceMethods\DefaultInterfaceMethods.csproj", "{2ACAD10F-2207-4CEA-8ACF-3DA3AA2D8497}"
EndProject
Project("{FAE04EC0-301F-11D3-BF4B-00C04F79EFBC}") = "MorePatterns", "src\8.0\MorePatterns\MorePatterns.csproj", "{3C123603-0EB6-4798-A53A-FA869669B9CF}"
EndProject
Project("{FAE04EC0-301F-11D3-BF4B-00C04F79EFBC}") = "UsingDeclarations", "src\8.0\UsingDeclarations\UsingDeclarations.csproj", "{2575AACC-3D92-469F-A2ED-D110DCBCD920}"
EndProject
Project("{FAE04EC0-301F-11D3-BF4B-00C04F79EFBC}") = "StaticLocalFunctions", "src\8.0\StaticLocalFunctions\StaticLocalFunctions.csproj", "{7AF83207-0670-452D-9376-6FE7F6E73C28}"
EndProject
Project("{FAE04EC0-301F-11D3-BF4B-00C04F79EFBC}") = "NullableReferenceTypes", "src\8.0\NullableReferenceTypes\NullableReferenceTypes.csproj", "{C606EBE9-42EF-4835-8A0E-2AB68D0CE027}"
EndProject
Project("{FAE04EC0-301F-11D3-BF4B-00C04F79EFBC}") = "AsynchronousEnumerables", "src\8.0\AsynchronousEnumerables\AsynchronousEnumerables.csproj", "{71FD5033-D598-408E-B888-14DEBF23C8B6}"
EndProject
Project("{2150E333-8FDC-42A3-9474-1A3956D46DE8}") = "9.0", "9.0", "{E7680B4B-CF3E-4929-8ECF-1470486B9916}"
EndProject
Project("{FAE04EC0-301F-11D3-BF4B-00C04F79EFBC}") = "RecordTypes", "src\9.0\RecordTypes\RecordTypes.csproj", "{DC698A6D-7604-4A9A-9563-3A021961C0A6}"
EndProject
Project("{FAE04EC0-301F-11D3-BF4B-00C04F79EFBC}") = "InitOnlySetters", "src\9.0\InitOnlySetters\InitOnlySetters.csproj", "{BDCF01F3-A95D-4EBE-86F9-DA39E85F36B7}"
EndProject
Project("{FAE04EC0-301F-11D3-BF4B-00C04F79EFBC}") = "TopLevelStatements", "src\9.0\TopLevelStatements\TopLevelStatements.csproj", "{88D10103-1E53-4827-B5DB-908FA647322C}"
EndProject
Project("{2150E333-8FDC-42A3-9474-1A3956D46DE8}") = "10", "10", "{AB19C686-1B12-4848-88CB-3E650D52832F}"
EndProject
Project("{FAE04EC0-301F-11D3-BF4B-00C04F79EFBC}") = "RecordStructs", "src\10\RecordStructs\RecordStructs.csproj", "{2E008717-82C2-420A-8FA8-DE6529251440}"
EndProject
Project("{FAE04EC0-301F-11D3-BF4B-00C04F79EFBC}") = "ConstantInterpolatedStrings", "src\10\ConstantInterpolatedStrings\ConstantInterpolatedStrings.csproj", "{74F501D2-F0A1-42CD-B3DD-EBAFC3F83390}"
EndProject
Project("{FAE04EC0-301F-11D3-BF4B-00C04F79EFBC}") = "FileScopedNamespaceDeclaration", "src\10\FileScopedNamespaceDeclaration\FileScopedNamespaceDeclaration.csproj", "{1512085F-F727-491E-B765-A2BFC849CB73}"
EndProject
Project("{FAE04EC0-301F-11D3-BF4B-00C04F79EFBC}") = "GlobalUsing", "src\10\GlobalUsing\GlobalUsing.csproj", "{289B6379-B0BE-4CE4-B783-64A4BD997275}"
EndProject
Project("{FAE04EC0-301F-11D3-BF4B-00C04F79EFBC}") = "RecordTypesSealToString", "src\10\RecordTypesSealToString\RecordTypesSealToString.csproj", "{BCAD1300-E463-40B5-B08F-AFFD1416150C}"
EndProject
Project("{FAE04EC0-301F-11D3-BF4B-00C04F79EFBC}") = "AssignmentAndDeclarationDeconstruction", "src\10\AssignmentAndDeclarationDeconstruction\AssignmentAndDeclarationDeconstruction.csproj", "{8617E28D-6183-4D36-BB8B-AC9A2D27DE5E}"
EndProject
Project("{FAE04EC0-301F-11D3-BF4B-00C04F79EFBC}") = "ImprovementsOfStructureTypes", "src\10\ImprovementsOfStructureTypes\ImprovementsOfStructureTypes.csproj", "{C307039B-2709-4A6E-A184-7CA92CABA425}"
EndProject
Project("{FAE04EC0-301F-11D3-BF4B-00C04F79EFBC}") = "CallerArgumentExpressionAttribute", "src\10\CallerArgumentExpressionAttribute\CallerArgumentExpressionAttribute.csproj", "{28B98005-C21E-4015-AE3F-195DB3AE0CDC}"
EndProject
Project("{2150E333-8FDC-42A3-9474-1A3956D46DE8}") = "11", "11", "{9A237D68-5D66-458C-9DC2-284F15910319}"
EndProject
Project("{FAE04EC0-301F-11D3-BF4B-00C04F79EFBC}") = "RawStringLiterals", "src\11\RawStringLiterals\RawStringLiterals.csproj", "{FEA66B22-FB1B-42F2-BEFA-8EB245C30A5A}"
EndProject
Global
	GlobalSection(SolutionConfigurationPlatforms) = preSolution
		Debug|Any CPU = Debug|Any CPU
		Release|Any CPU = Release|Any CPU
	EndGlobalSection
	GlobalSection(SolutionProperties) = preSolution
		HideSolutionNode = FALSE
	EndGlobalSection
	GlobalSection(NestedProjects) = preSolution
		{CBF0F768-4409-4E69-8DB7-603AB94189CD} = {F05907C8-E917-4DA6-8BBB-D70E28FA8972}
		{7F7BF519-189E-43A6-80F9-E671F4511F80} = {F05907C8-E917-4DA6-8BBB-D70E28FA8972}
		{145970F2-65D9-49CD-89AC-AA1AC4E2F105} = {F05907C8-E917-4DA6-8BBB-D70E28FA8972}
		{480D09C4-A1E6-4E22-9644-D09B7B43BF08} = {F05907C8-E917-4DA6-8BBB-D70E28FA8972}
		{1631E0FD-F31E-44BD-8027-BFF9FB11B765} = {F05907C8-E917-4DA6-8BBB-D70E28FA8972}
		{0B2D9F5C-AC5F-411A-8D34-107D98625429} = {F05907C8-E917-4DA6-8BBB-D70E28FA8972}
		{42DD8CDA-3F11-469C-AE3C-FA1BE1231B06} = {73910F68-73D4-44C8-93B7-6A36B5708C2B}
		{BA958038-8004-4AD2-8D1C-ADE531703FCF} = {73910F68-73D4-44C8-93B7-6A36B5708C2B}
		{3486BA81-B3A8-4921-9F82-BF78C4E57E6C} = {73910F68-73D4-44C8-93B7-6A36B5708C2B}
		{49932E83-8A15-4DC4-B87D-67DBFF87ABA5} = {73910F68-73D4-44C8-93B7-6A36B5708C2B}
		{04C92356-B81D-4BF9-806E-524231CDCDBF} = {73910F68-73D4-44C8-93B7-6A36B5708C2B}
		{C7B58988-A4A7-40AD-8E3B-C4AD1AB8F343} = {73910F68-73D4-44C8-93B7-6A36B5708C2B}
		{0010CF2D-1E7D-4553-8C1A-35D29B9EC585} = {73910F68-73D4-44C8-93B7-6A36B5708C2B}
		{9E0D8E08-E418-475F-8B0B-671D901AA8A8} = {73910F68-73D4-44C8-93B7-6A36B5708C2B}
		{E0B194E8-1603-46CF-929B-FA0C2A6ABE9E} = {73910F68-73D4-44C8-93B7-6A36B5708C2B}
		{B312F4B1-696F-4EBF-ACDC-F29AA398D3BE} = {73910F68-73D4-44C8-93B7-6A36B5708C2B}
		{A042BB46-33C1-4961-881A-BDC7FA7D8667} = {66392C49-D52A-41D9-966D-AF5F10D46F65}
		{2ACAD10F-2207-4CEA-8ACF-3DA3AA2D8497} = {66392C49-D52A-41D9-966D-AF5F10D46F65}
		{3C123603-0EB6-4798-A53A-FA869669B9CF} = {66392C49-D52A-41D9-966D-AF5F10D46F65}
		{2575AACC-3D92-469F-A2ED-D110DCBCD920} = {66392C49-D52A-41D9-966D-AF5F10D46F65}
		{7AF83207-0670-452D-9376-6FE7F6E73C28} = {66392C49-D52A-41D9-966D-AF5F10D46F65}
		{C606EBE9-42EF-4835-8A0E-2AB68D0CE027} = {66392C49-D52A-41D9-966D-AF5F10D46F65}
		{71FD5033-D598-408E-B888-14DEBF23C8B6} = {66392C49-D52A-41D9-966D-AF5F10D46F65}
		{DC698A6D-7604-4A9A-9563-3A021961C0A6} = {E7680B4B-CF3E-4929-8ECF-1470486B9916}
		{BDCF01F3-A95D-4EBE-86F9-DA39E85F36B7} = {E7680B4B-CF3E-4929-8ECF-1470486B9916}
		{88D10103-1E53-4827-B5DB-908FA647322C} = {E7680B4B-CF3E-4929-8ECF-1470486B9916}
		{2E008717-82C2-420A-8FA8-DE6529251440} = {AB19C686-1B12-4848-88CB-3E650D52832F}
		{74F501D2-F0A1-42CD-B3DD-EBAFC3F83390} = {AB19C686-1B12-4848-88CB-3E650D52832F}
		{1512085F-F727-491E-B765-A2BFC849CB73} = {AB19C686-1B12-4848-88CB-3E650D52832F}
		{289B6379-B0BE-4CE4-B783-64A4BD997275} = {AB19C686-1B12-4848-88CB-3E650D52832F}
		{BCAD1300-E463-40B5-B08F-AFFD1416150C} = {AB19C686-1B12-4848-88CB-3E650D52832F}
		{8617E28D-6183-4D36-BB8B-AC9A2D27DE5E} = {AB19C686-1B12-4848-88CB-3E650D52832F}
		{C307039B-2709-4A6E-A184-7CA92CABA425} = {AB19C686-1B12-4848-88CB-3E650D52832F}
		{28B98005-C21E-4015-AE3F-195DB3AE0CDC} = {AB19C686-1B12-4848-88CB-3E650D52832F}
		{FEA66B22-FB1B-42F2-BEFA-8EB245C30A5A} = {9A237D68-5D66-458C-9DC2-284F15910319}
	EndGlobalSection
	GlobalSection(ProjectConfigurationPlatforms) = postSolution
		{CBF0F768-4409-4E69-8DB7-603AB94189CD}.Debug|Any CPU.ActiveCfg = Debug|Any CPU
		{CBF0F768-4409-4E69-8DB7-603AB94189CD}.Debug|Any CPU.Build.0 = Debug|Any CPU
		{CBF0F768-4409-4E69-8DB7-603AB94189CD}.Release|Any CPU.ActiveCfg = Release|Any CPU
		{CBF0F768-4409-4E69-8DB7-603AB94189CD}.Release|Any CPU.Build.0 = Release|Any CPU
		{7F7BF519-189E-43A6-80F9-E671F4511F80}.Debug|Any CPU.ActiveCfg = Debug|Any CPU
		{7F7BF519-189E-43A6-80F9-E671F4511F80}.Debug|Any CPU.Build.0 = Debug|Any CPU
		{7F7BF519-189E-43A6-80F9-E671F4511F80}.Release|Any CPU.ActiveCfg = Release|Any CPU
		{7F7BF519-189E-43A6-80F9-E671F4511F80}.Release|Any CPU.Build.0 = Release|Any CPU
		{145970F2-65D9-49CD-89AC-AA1AC4E2F105}.Release|Any CPU.ActiveCfg = Release|Any CPU
		{145970F2-65D9-49CD-89AC-AA1AC4E2F105}.Release|Any CPU.Build.0 = Release|Any CPU
		{145970F2-65D9-49CD-89AC-AA1AC4E2F105}.Debug|Any CPU.ActiveCfg = Debug|Any CPU
		{145970F2-65D9-49CD-89AC-AA1AC4E2F105}.Debug|Any CPU.Build.0 = Debug|Any CPU
		{480D09C4-A1E6-4E22-9644-D09B7B43BF08}.Release|Any CPU.ActiveCfg = Release|Any CPU
		{480D09C4-A1E6-4E22-9644-D09B7B43BF08}.Release|Any CPU.Build.0 = Release|Any CPU
		{480D09C4-A1E6-4E22-9644-D09B7B43BF08}.Debug|Any CPU.ActiveCfg = Debug|Any CPU
		{480D09C4-A1E6-4E22-9644-D09B7B43BF08}.Debug|Any CPU.Build.0 = Debug|Any CPU
		{1631E0FD-F31E-44BD-8027-BFF9FB11B765}.Debug|Any CPU.ActiveCfg = Debug|Any CPU
		{1631E0FD-F31E-44BD-8027-BFF9FB11B765}.Debug|Any CPU.Build.0 = Debug|Any CPU
		{1631E0FD-F31E-44BD-8027-BFF9FB11B765}.Release|Any CPU.ActiveCfg = Release|Any CPU
		{1631E0FD-F31E-44BD-8027-BFF9FB11B765}.Release|Any CPU.Build.0 = Release|Any CPU
		{0B2D9F5C-AC5F-411A-8D34-107D98625429}.Debug|Any CPU.ActiveCfg = Debug|Any CPU
		{0B2D9F5C-AC5F-411A-8D34-107D98625429}.Debug|Any CPU.Build.0 = Debug|Any CPU
		{0B2D9F5C-AC5F-411A-8D34-107D98625429}.Release|Any CPU.ActiveCfg = Release|Any CPU
		{0B2D9F5C-AC5F-411A-8D34-107D98625429}.Release|Any CPU.Build.0 = Release|Any CPU
		{42DD8CDA-3F11-469C-AE3C-FA1BE1231B06}.Debug|Any CPU.ActiveCfg = Debug|Any CPU
		{42DD8CDA-3F11-469C-AE3C-FA1BE1231B06}.Debug|Any CPU.Build.0 = Debug|Any CPU
		{42DD8CDA-3F11-469C-AE3C-FA1BE1231B06}.Release|Any CPU.ActiveCfg = Release|Any CPU
		{42DD8CDA-3F11-469C-AE3C-FA1BE1231B06}.Release|Any CPU.Build.0 = Release|Any CPU
		{BA958038-8004-4AD2-8D1C-ADE531703FCF}.Debug|Any CPU.ActiveCfg = Debug|Any CPU
		{BA958038-8004-4AD2-8D1C-ADE531703FCF}.Debug|Any CPU.Build.0 = Debug|Any CPU
		{BA958038-8004-4AD2-8D1C-ADE531703FCF}.Release|Any CPU.ActiveCfg = Release|Any CPU
		{BA958038-8004-4AD2-8D1C-ADE531703FCF}.Release|Any CPU.Build.0 = Release|Any CPU
		{3486BA81-B3A8-4921-9F82-BF78C4E57E6C}.Debug|Any CPU.ActiveCfg = Debug|Any CPU
		{3486BA81-B3A8-4921-9F82-BF78C4E57E6C}.Debug|Any CPU.Build.0 = Debug|Any CPU
		{3486BA81-B3A8-4921-9F82-BF78C4E57E6C}.Release|Any CPU.ActiveCfg = Release|Any CPU
		{3486BA81-B3A8-4921-9F82-BF78C4E57E6C}.Release|Any CPU.Build.0 = Release|Any CPU
		{49932E83-8A15-4DC4-B87D-67DBFF87ABA5}.Debug|Any CPU.ActiveCfg = Debug|Any CPU
		{49932E83-8A15-4DC4-B87D-67DBFF87ABA5}.Debug|Any CPU.Build.0 = Debug|Any CPU
		{49932E83-8A15-4DC4-B87D-67DBFF87ABA5}.Release|Any CPU.ActiveCfg = Release|Any CPU
		{49932E83-8A15-4DC4-B87D-67DBFF87ABA5}.Release|Any CPU.Build.0 = Release|Any CPU
		{04C92356-B81D-4BF9-806E-524231CDCDBF}.Debug|Any CPU.ActiveCfg = Debug|Any CPU
		{04C92356-B81D-4BF9-806E-524231CDCDBF}.Debug|Any CPU.Build.0 = Debug|Any CPU
		{04C92356-B81D-4BF9-806E-524231CDCDBF}.Release|Any CPU.ActiveCfg = Release|Any CPU
		{04C92356-B81D-4BF9-806E-524231CDCDBF}.Release|Any CPU.Build.0 = Release|Any CPU
		{C7B58988-A4A7-40AD-8E3B-C4AD1AB8F343}.Debug|Any CPU.ActiveCfg = Debug|Any CPU
		{C7B58988-A4A7-40AD-8E3B-C4AD1AB8F343}.Debug|Any CPU.Build.0 = Debug|Any CPU
		{C7B58988-A4A7-40AD-8E3B-C4AD1AB8F343}.Release|Any CPU.ActiveCfg = Release|Any CPU
		{C7B58988-A4A7-40AD-8E3B-C4AD1AB8F343}.Release|Any CPU.Build.0 = Release|Any CPU
		{0010CF2D-1E7D-4553-8C1A-35D29B9EC585}.Debug|Any CPU.ActiveCfg = Debug|Any CPU
		{0010CF2D-1E7D-4553-8C1A-35D29B9EC585}.Debug|Any CPU.Build.0 = Debug|Any CPU
		{0010CF2D-1E7D-4553-8C1A-35D29B9EC585}.Release|Any CPU.ActiveCfg = Release|Any CPU
		{0010CF2D-1E7D-4553-8C1A-35D29B9EC585}.Release|Any CPU.Build.0 = Release|Any CPU
		{9E0D8E08-E418-475F-8B0B-671D901AA8A8}.Debug|Any CPU.ActiveCfg = Debug|Any CPU
		{9E0D8E08-E418-475F-8B0B-671D901AA8A8}.Debug|Any CPU.Build.0 = Debug|Any CPU
		{9E0D8E08-E418-475F-8B0B-671D901AA8A8}.Release|Any CPU.ActiveCfg = Release|Any CPU
		{9E0D8E08-E418-475F-8B0B-671D901AA8A8}.Release|Any CPU.Build.0 = Release|Any CPU
		{E0B194E8-1603-46CF-929B-FA0C2A6ABE9E}.Debug|Any CPU.ActiveCfg = Debug|Any CPU
		{E0B194E8-1603-46CF-929B-FA0C2A6ABE9E}.Debug|Any CPU.Build.0 = Debug|Any CPU
		{E0B194E8-1603-46CF-929B-FA0C2A6ABE9E}.Release|Any CPU.ActiveCfg = Release|Any CPU
		{E0B194E8-1603-46CF-929B-FA0C2A6ABE9E}.Release|Any CPU.Build.0 = Release|Any CPU
		{B312F4B1-696F-4EBF-ACDC-F29AA398D3BE}.Debug|Any CPU.ActiveCfg = Debug|Any CPU
		{B312F4B1-696F-4EBF-ACDC-F29AA398D3BE}.Debug|Any CPU.Build.0 = Debug|Any CPU
		{B312F4B1-696F-4EBF-ACDC-F29AA398D3BE}.Release|Any CPU.ActiveCfg = Release|Any CPU
		{B312F4B1-696F-4EBF-ACDC-F29AA398D3BE}.Release|Any CPU.Build.0 = Release|Any CPU
		{A042BB46-33C1-4961-881A-BDC7FA7D8667}.Debug|Any CPU.ActiveCfg = Debug|Any CPU
		{A042BB46-33C1-4961-881A-BDC7FA7D8667}.Debug|Any CPU.Build.0 = Debug|Any CPU
		{A042BB46-33C1-4961-881A-BDC7FA7D8667}.Release|Any CPU.ActiveCfg = Release|Any CPU
		{A042BB46-33C1-4961-881A-BDC7FA7D8667}.Release|Any CPU.Build.0 = Release|Any CPU
		{2ACAD10F-2207-4CEA-8ACF-3DA3AA2D8497}.Debug|Any CPU.ActiveCfg = Debug|Any CPU
		{2ACAD10F-2207-4CEA-8ACF-3DA3AA2D8497}.Debug|Any CPU.Build.0 = Debug|Any CPU
		{2ACAD10F-2207-4CEA-8ACF-3DA3AA2D8497}.Release|Any CPU.ActiveCfg = Release|Any CPU
		{2ACAD10F-2207-4CEA-8ACF-3DA3AA2D8497}.Release|Any CPU.Build.0 = Release|Any CPU
		{3C123603-0EB6-4798-A53A-FA869669B9CF}.Debug|Any CPU.ActiveCfg = Debug|Any CPU
		{3C123603-0EB6-4798-A53A-FA869669B9CF}.Debug|Any CPU.Build.0 = Debug|Any CPU
		{3C123603-0EB6-4798-A53A-FA869669B9CF}.Release|Any CPU.ActiveCfg = Release|Any CPU
		{3C123603-0EB6-4798-A53A-FA869669B9CF}.Release|Any CPU.Build.0 = Release|Any CPU
		{2575AACC-3D92-469F-A2ED-D110DCBCD920}.Debug|Any CPU.ActiveCfg = Debug|Any CPU
		{2575AACC-3D92-469F-A2ED-D110DCBCD920}.Debug|Any CPU.Build.0 = Debug|Any CPU
		{2575AACC-3D92-469F-A2ED-D110DCBCD920}.Release|Any CPU.ActiveCfg = Release|Any CPU
		{2575AACC-3D92-469F-A2ED-D110DCBCD920}.Release|Any CPU.Build.0 = Release|Any CPU
		{7AF83207-0670-452D-9376-6FE7F6E73C28}.Debug|Any CPU.ActiveCfg = Debug|Any CPU
		{7AF83207-0670-452D-9376-6FE7F6E73C28}.Debug|Any CPU.Build.0 = Debug|Any CPU
		{7AF83207-0670-452D-9376-6FE7F6E73C28}.Release|Any CPU.ActiveCfg = Release|Any CPU
		{7AF83207-0670-452D-9376-6FE7F6E73C28}.Release|Any CPU.Build.0 = Release|Any CPU
		{C606EBE9-42EF-4835-8A0E-2AB68D0CE027}.Debug|Any CPU.ActiveCfg = Debug|Any CPU
		{C606EBE9-42EF-4835-8A0E-2AB68D0CE027}.Debug|Any CPU.Build.0 = Debug|Any CPU
		{C606EBE9-42EF-4835-8A0E-2AB68D0CE027}.Release|Any CPU.ActiveCfg = Release|Any CPU
		{C606EBE9-42EF-4835-8A0E-2AB68D0CE027}.Release|Any CPU.Build.0 = Release|Any CPU
		{71FD5033-D598-408E-B888-14DEBF23C8B6}.Debug|Any CPU.ActiveCfg = Debug|Any CPU
		{71FD5033-D598-408E-B888-14DEBF23C8B6}.Debug|Any CPU.Build.0 = Debug|Any CPU
		{71FD5033-D598-408E-B888-14DEBF23C8B6}.Release|Any CPU.ActiveCfg = Release|Any CPU
		{71FD5033-D598-408E-B888-14DEBF23C8B6}.Release|Any CPU.Build.0 = Release|Any CPU
		{DC698A6D-7604-4A9A-9563-3A021961C0A6}.Debug|Any CPU.ActiveCfg = Debug|Any CPU
		{DC698A6D-7604-4A9A-9563-3A021961C0A6}.Debug|Any CPU.Build.0 = Debug|Any CPU
		{DC698A6D-7604-4A9A-9563-3A021961C0A6}.Release|Any CPU.ActiveCfg = Release|Any CPU
		{DC698A6D-7604-4A9A-9563-3A021961C0A6}.Release|Any CPU.Build.0 = Release|Any CPU
		{BDCF01F3-A95D-4EBE-86F9-DA39E85F36B7}.Debug|Any CPU.ActiveCfg = Debug|Any CPU
		{BDCF01F3-A95D-4EBE-86F9-DA39E85F36B7}.Debug|Any CPU.Build.0 = Debug|Any CPU
		{BDCF01F3-A95D-4EBE-86F9-DA39E85F36B7}.Release|Any CPU.ActiveCfg = Release|Any CPU
		{BDCF01F3-A95D-4EBE-86F9-DA39E85F36B7}.Release|Any CPU.Build.0 = Release|Any CPU
		{88D10103-1E53-4827-B5DB-908FA647322C}.Debug|Any CPU.ActiveCfg = Debug|Any CPU
		{88D10103-1E53-4827-B5DB-908FA647322C}.Debug|Any CPU.Build.0 = Debug|Any CPU
		{88D10103-1E53-4827-B5DB-908FA647322C}.Release|Any CPU.ActiveCfg = Release|Any CPU
		{88D10103-1E53-4827-B5DB-908FA647322C}.Release|Any CPU.Build.0 = Release|Any CPU
		{2E008717-82C2-420A-8FA8-DE6529251440}.Debug|Any CPU.ActiveCfg = Debug|Any CPU
		{2E008717-82C2-420A-8FA8-DE6529251440}.Debug|Any CPU.Build.0 = Debug|Any CPU
		{2E008717-82C2-420A-8FA8-DE6529251440}.Release|Any CPU.ActiveCfg = Release|Any CPU
		{2E008717-82C2-420A-8FA8-DE6529251440}.Release|Any CPU.Build.0 = Release|Any CPU
		{74F501D2-F0A1-42CD-B3DD-EBAFC3F83390}.Debug|Any CPU.ActiveCfg = Debug|Any CPU
		{74F501D2-F0A1-42CD-B3DD-EBAFC3F83390}.Debug|Any CPU.Build.0 = Debug|Any CPU
		{74F501D2-F0A1-42CD-B3DD-EBAFC3F83390}.Release|Any CPU.ActiveCfg = Release|Any CPU
		{74F501D2-F0A1-42CD-B3DD-EBAFC3F83390}.Release|Any CPU.Build.0 = Release|Any CPU
		{1512085F-F727-491E-B765-A2BFC849CB73}.Debug|Any CPU.ActiveCfg = Debug|Any CPU
		{1512085F-F727-491E-B765-A2BFC849CB73}.Debug|Any CPU.Build.0 = Debug|Any CPU
		{1512085F-F727-491E-B765-A2BFC849CB73}.Release|Any CPU.ActiveCfg = Release|Any CPU
		{1512085F-F727-491E-B765-A2BFC849CB73}.Release|Any CPU.Build.0 = Release|Any CPU
		{289B6379-B0BE-4CE4-B783-64A4BD997275}.Debug|Any CPU.ActiveCfg = Debug|Any CPU
		{289B6379-B0BE-4CE4-B783-64A4BD997275}.Debug|Any CPU.Build.0 = Debug|Any CPU
		{289B6379-B0BE-4CE4-B783-64A4BD997275}.Release|Any CPU.ActiveCfg = Release|Any CPU
		{289B6379-B0BE-4CE4-B783-64A4BD997275}.Release|Any CPU.Build.0 = Release|Any CPU
		{BCAD1300-E463-40B5-B08F-AFFD1416150C}.Debug|Any CPU.ActiveCfg = Debug|Any CPU
		{BCAD1300-E463-40B5-B08F-AFFD1416150C}.Debug|Any CPU.Build.0 = Debug|Any CPU
		{BCAD1300-E463-40B5-B08F-AFFD1416150C}.Release|Any CPU.ActiveCfg = Release|Any CPU
		{BCAD1300-E463-40B5-B08F-AFFD1416150C}.Release|Any CPU.Build.0 = Release|Any CPU
		{8617E28D-6183-4D36-BB8B-AC9A2D27DE5E}.Debug|Any CPU.ActiveCfg = Debug|Any CPU
		{8617E28D-6183-4D36-BB8B-AC9A2D27DE5E}.Debug|Any CPU.Build.0 = Debug|Any CPU
		{8617E28D-6183-4D36-BB8B-AC9A2D27DE5E}.Release|Any CPU.ActiveCfg = Release|Any CPU
		{8617E28D-6183-4D36-BB8B-AC9A2D27DE5E}.Release|Any CPU.Build.0 = Release|Any CPU
		{C307039B-2709-4A6E-A184-7CA92CABA425}.Debug|Any CPU.ActiveCfg = Debug|Any CPU
		{C307039B-2709-4A6E-A184-7CA92CABA425}.Debug|Any CPU.Build.0 = Debug|Any CPU
		{C307039B-2709-4A6E-A184-7CA92CABA425}.Release|Any CPU.ActiveCfg = Release|Any CPU
		{C307039B-2709-4A6E-A184-7CA92CABA425}.Release|Any CPU.Build.0 = Release|Any CPU
		{28B98005-C21E-4015-AE3F-195DB3AE0CDC}.Debug|Any CPU.ActiveCfg = Debug|Any CPU
		{28B98005-C21E-4015-AE3F-195DB3AE0CDC}.Debug|Any CPU.Build.0 = Debug|Any CPU
		{28B98005-C21E-4015-AE3F-195DB3AE0CDC}.Release|Any CPU.ActiveCfg = Release|Any CPU
		{28B98005-C21E-4015-AE3F-195DB3AE0CDC}.Release|Any CPU.Build.0 = Release|Any CPU
		{FEA66B22-FB1B-42F2-BEFA-8EB245C30A5A}.Debug|Any CPU.ActiveCfg = Debug|Any CPU
		{FEA66B22-FB1B-42F2-BEFA-8EB245C30A5A}.Debug|Any CPU.Build.0 = Debug|Any CPU
		{FEA66B22-FB1B-42F2-BEFA-8EB245C30A5A}.Release|Any CPU.ActiveCfg = Release|Any CPU
		{FEA66B22-FB1B-42F2-BEFA-8EB245C30A5A}.Release|Any CPU.Build.0 = Release|Any CPU
	EndGlobalSection
EndGlobal
